
Microsoft Visual Studio Solution File, Format Version 12.00
# Visual Studio Version 17
VisualStudioVersion = 17.1.32210.238
MinimumVisualStudioVersion = 10.0.40219.1
Project("{FAE04EC0-301F-11D3-BF4B-00C04F79EFBC}") = "WebAPIInventory", "WebAPIInventory\WebAPIInventory.csproj", "{E4528D8D-C17F-4647-865A-61F0D91407AE}"
EndProject
Global
	GlobalSection(SolutionConfigurationPlatforms) = preSolution
		Debug|Any CPU = Debug|Any CPU
		Release|Any CPU = Release|Any CPU
	EndGlobalSection
	GlobalSection(ProjectConfigurationPlatforms) = postSolution
		{E4528D8D-C17F-4647-865A-61F0D91407AE}.Debug|Any CPU.ActiveCfg = Debug|Any CPU
		{E4528D8D-C17F-4647-865A-61F0D91407AE}.Debug|Any CPU.Build.0 = Debug|Any CPU
		{E4528D8D-C17F-4647-865A-61F0D91407AE}.Release|Any CPU.ActiveCfg = Release|Any CPU
		{E4528D8D-C17F-4647-865A-61F0D91407AE}.Release|Any CPU.Build.0 = Release|Any CPU
	EndGlobalSection
	GlobalSection(SolutionProperties) = preSolution
		HideSolutionNode = FALSE
	EndGlobalSection
	GlobalSection(ExtensibilityGlobals) = postSolution
		SolutionGuid = {0E14D7C6-3F18-41BE-ADDE-AC79ED1213A6}
	EndGlobalSection
EndGlobal
